// !$*UTF8*$!
{
	archiveVersion = 1;
	classes = {
	};
	objectVersion = 46;
	objects = {

/* Begin PBXBuildFile section */
		3BCAE1E91960CF3300778A7E /* Parse.framework in Frameworks */ = {isa = PBXBuildFile; fileRef = 3BCAE1E81960CF3300778A7E /* Parse.framework */; };
		3BCAE1EB1960CFB000778A7E /* AudioToolbox.framework in Frameworks */ = {isa = PBXBuildFile; fileRef = 3BCAE1EA1960CFB000778A7E /* AudioToolbox.framework */; };
		3BCAE1ED1960CFD400778A7E /* CFNetwork.framework in Frameworks */ = {isa = PBXBuildFile; fileRef = 3BCAE1EC1960CFD400778A7E /* CFNetwork.framework */; };
		3BCAE1EF1960CFF300778A7E /* libz.dylib in Frameworks */ = {isa = PBXBuildFile; fileRef = 3BCAE1EE1960CFF300778A7E /* libz.dylib */; };
		3BCAE1F11960D00000778A7E /* MobileCoreServices.framework in Frameworks */ = {isa = PBXBuildFile; fileRef = 3BCAE1F01960D00000778A7E /* MobileCoreServices.framework */; };
		3BCAE1F31960D00F00778A7E /* QuartzCore.framework in Frameworks */ = {isa = PBXBuildFile; fileRef = 3BCAE1F21960D00F00778A7E /* QuartzCore.framework */; };
		3BCAE1F51960D01900778A7E /* Security.framework in Frameworks */ = {isa = PBXBuildFile; fileRef = 3BCAE1F41960D01900778A7E /* Security.framework */; };
		3BCAE1F71960D02200778A7E /* StoreKit.framework in Frameworks */ = {isa = PBXBuildFile; fileRef = 3BCAE1F61960D02200778A7E /* StoreKit.framework */; };
		3BCAE1F91960D02E00778A7E /* SystemConfiguration.framework in Frameworks */ = {isa = PBXBuildFile; fileRef = 3BCAE1F81960D02E00778A7E /* SystemConfiguration.framework */; };
		3BCAE1FD1960D56C00778A7E /* Location.m in Sources */ = {isa = PBXBuildFile; fileRef = 3BCAE1FC1960D56C00778A7E /* Location.m */; };
		77241E361960E1550067549A /* VNMLocationTableViewController.m in Sources */ = {isa = PBXBuildFile; fileRef = 77241E351960E1550067549A /* VNMLocationTableViewController.m */; };
		77241E391960E8BE0067549A /* VNMMapLocationViewController.m in Sources */ = {isa = PBXBuildFile; fileRef = 77241E381960E8BE0067549A /* VNMMapLocationViewController.m */; };
		77241E3B1960EA950067549A /* MapKit.framework in Frameworks */ = {isa = PBXBuildFile; fileRef = 77241E3A1960EA950067549A /* MapKit.framework */; };
		F8B0A8C119607DEC001AA84C /* Foundation.framework in Frameworks */ = {isa = PBXBuildFile; fileRef = F8B0A8C019607DEC001AA84C /* Foundation.framework */; };
		F8B0A8C319607DEC001AA84C /* CoreGraphics.framework in Frameworks */ = {isa = PBXBuildFile; fileRef = F8B0A8C219607DEC001AA84C /* CoreGraphics.framework */; };
		F8B0A8C519607DEC001AA84C /* UIKit.framework in Frameworks */ = {isa = PBXBuildFile; fileRef = F8B0A8C419607DEC001AA84C /* UIKit.framework */; };
		F8B0A8CB19607DEC001AA84C /* InfoPlist.strings in Resources */ = {isa = PBXBuildFile; fileRef = F8B0A8C919607DEC001AA84C /* InfoPlist.strings */; };
		F8B0A8CD19607DEC001AA84C /* main.m in Sources */ = {isa = PBXBuildFile; fileRef = F8B0A8CC19607DEC001AA84C /* main.m */; };
		F8B0A8D119607DEC001AA84C /* VNMAppDelegate.m in Sources */ = {isa = PBXBuildFile; fileRef = F8B0A8D019607DEC001AA84C /* VNMAppDelegate.m */; };
		F8B0A8D419607DEC001AA84C /* Main.storyboard in Resources */ = {isa = PBXBuildFile; fileRef = F8B0A8D219607DEC001AA84C /* Main.storyboard */; };
		F8B0A8D719607DEC001AA84C /* VNMViewController.m in Sources */ = {isa = PBXBuildFile; fileRef = F8B0A8D619607DEC001AA84C /* VNMViewController.m */; };
		F8B0A8D919607DEC001AA84C /* Images.xcassets in Resources */ = {isa = PBXBuildFile; fileRef = F8B0A8D819607DEC001AA84C /* Images.xcassets */; };
		F8B0A8E019607DEC001AA84C /* XCTest.framework in Frameworks */ = {isa = PBXBuildFile; fileRef = F8B0A8DF19607DEC001AA84C /* XCTest.framework */; };
		F8B0A8E119607DEC001AA84C /* Foundation.framework in Frameworks */ = {isa = PBXBuildFile; fileRef = F8B0A8C019607DEC001AA84C /* Foundation.framework */; };
		F8B0A8E219607DEC001AA84C /* UIKit.framework in Frameworks */ = {isa = PBXBuildFile; fileRef = F8B0A8C419607DEC001AA84C /* UIKit.framework */; };
		F8B0A8EA19607DEC001AA84C /* InfoPlist.strings in Resources */ = {isa = PBXBuildFile; fileRef = F8B0A8E819607DEC001AA84C /* InfoPlist.strings */; };
		F8B0A8EC19607DEC001AA84C /* CoreLocationPracticeTests.m in Sources */ = {isa = PBXBuildFile; fileRef = F8B0A8EB19607DEC001AA84C /* CoreLocationPracticeTests.m */; };
		F8B0A8F619608162001AA84C /* CoreLocation.framework in Frameworks */ = {isa = PBXBuildFile; fileRef = F8B0A8F519608162001AA84C /* CoreLocation.framework */; };
/* End PBXBuildFile section */

/* Begin PBXContainerItemProxy section */
		F8B0A8E319607DEC001AA84C /* PBXContainerItemProxy */ = {
			isa = PBXContainerItemProxy;
			containerPortal = F8B0A8B519607DEC001AA84C /* Project object */;
			proxyType = 1;
			remoteGlobalIDString = F8B0A8BC19607DEC001AA84C;
			remoteInfo = CoreLocationPractice;
		};
/* End PBXContainerItemProxy section */

/* Begin PBXFileReference section */
		3BCAE1E81960CF3300778A7E /* Parse.framework */ = {isa = PBXFileReference; lastKnownFileType = wrapper.framework; path = Parse.framework; sourceTree = "<group>"; };
		3BCAE1EA1960CFB000778A7E /* AudioToolbox.framework */ = {isa = PBXFileReference; lastKnownFileType = wrapper.framework; name = AudioToolbox.framework; path = System/Library/Frameworks/AudioToolbox.framework; sourceTree = SDKROOT; };
		3BCAE1EC1960CFD400778A7E /* CFNetwork.framework */ = {isa = PBXFileReference; lastKnownFileType = wrapper.framework; name = CFNetwork.framework; path = System/Library/Frameworks/CFNetwork.framework; sourceTree = SDKROOT; };
		3BCAE1EE1960CFF300778A7E /* libz.dylib */ = {isa = PBXFileReference; lastKnownFileType = "compiled.mach-o.dylib"; name = libz.dylib; path = usr/lib/libz.dylib; sourceTree = SDKROOT; };
		3BCAE1F01960D00000778A7E /* MobileCoreServices.framework */ = {isa = PBXFileReference; lastKnownFileType = wrapper.framework; name = MobileCoreServices.framework; path = System/Library/Frameworks/MobileCoreServices.framework; sourceTree = SDKROOT; };
		3BCAE1F21960D00F00778A7E /* QuartzCore.framework */ = {isa = PBXFileReference; lastKnownFileType = wrapper.framework; name = QuartzCore.framework; path = System/Library/Frameworks/QuartzCore.framework; sourceTree = SDKROOT; };
		3BCAE1F41960D01900778A7E /* Security.framework */ = {isa = PBXFileReference; lastKnownFileType = wrapper.framework; name = Security.framework; path = System/Library/Frameworks/Security.framework; sourceTree = SDKROOT; };
		3BCAE1F61960D02200778A7E /* StoreKit.framework */ = {isa = PBXFileReference; lastKnownFileType = wrapper.framework; name = StoreKit.framework; path = System/Library/Frameworks/StoreKit.framework; sourceTree = SDKROOT; };
		3BCAE1F81960D02E00778A7E /* SystemConfiguration.framework */ = {isa = PBXFileReference; lastKnownFileType = wrapper.framework; name = SystemConfiguration.framework; path = System/Library/Frameworks/SystemConfiguration.framework; sourceTree = SDKROOT; };
		3BCAE1FB1960D56C00778A7E /* Location.h */ = {isa = PBXFileReference; fileEncoding = 4; lastKnownFileType = sourcecode.c.h; path = Location.h; sourceTree = "<group>"; };
		3BCAE1FC1960D56C00778A7E /* Location.m */ = {isa = PBXFileReference; fileEncoding = 4; lastKnownFileType = sourcecode.c.objc; path = Location.m; sourceTree = "<group>"; };
		77241E341960E1550067549A /* VNMLocationTableViewController.h */ = {isa = PBXFileReference; fileEncoding = 4; lastKnownFileType = sourcecode.c.h; path = VNMLocationTableViewController.h; sourceTree = "<group>"; };
		77241E351960E1550067549A /* VNMLocationTableViewController.m */ = {isa = PBXFileReference; fileEncoding = 4; lastKnownFileType = sourcecode.c.objc; path = VNMLocationTableViewController.m; sourceTree = "<group>"; };
		77241E371960E8BE0067549A /* VNMMapLocationViewController.h */ = {isa = PBXFileReference; fileEncoding = 4; lastKnownFileType = sourcecode.c.h; path = VNMMapLocationViewController.h; sourceTree = "<group>"; };
		77241E381960E8BE0067549A /* VNMMapLocationViewController.m */ = {isa = PBXFileReference; fileEncoding = 4; lastKnownFileType = sourcecode.c.objc; path = VNMMapLocationViewController.m; sourceTree = "<group>"; };
		77241E3A1960EA950067549A /* MapKit.framework */ = {isa = PBXFileReference; lastKnownFileType = wrapper.framework; name = MapKit.framework; path = System/Library/Frameworks/MapKit.framework; sourceTree = SDKROOT; };
		F8B0A8BD19607DEC001AA84C /* CoreLocationPractice.app */ = {isa = PBXFileReference; explicitFileType = wrapper.application; includeInIndex = 0; path = CoreLocationPractice.app; sourceTree = BUILT_PRODUCTS_DIR; };
		F8B0A8C019607DEC001AA84C /* Foundation.framework */ = {isa = PBXFileReference; lastKnownFileType = wrapper.framework; name = Foundation.framework; path = System/Library/Frameworks/Foundation.framework; sourceTree = SDKROOT; };
		F8B0A8C219607DEC001AA84C /* CoreGraphics.framework */ = {isa = PBXFileReference; lastKnownFileType = wrapper.framework; name = CoreGraphics.framework; path = System/Library/Frameworks/CoreGraphics.framework; sourceTree = SDKROOT; };
		F8B0A8C419607DEC001AA84C /* UIKit.framework */ = {isa = PBXFileReference; lastKnownFileType = wrapper.framework; name = UIKit.framework; path = System/Library/Frameworks/UIKit.framework; sourceTree = SDKROOT; };
		F8B0A8C819607DEC001AA84C /* CoreLocationPractice-Info.plist */ = {isa = PBXFileReference; lastKnownFileType = text.plist.xml; path = "CoreLocationPractice-Info.plist"; sourceTree = "<group>"; };
		F8B0A8CA19607DEC001AA84C /* en */ = {isa = PBXFileReference; lastKnownFileType = text.plist.strings; name = en; path = en.lproj/InfoPlist.strings; sourceTree = "<group>"; };
		F8B0A8CC19607DEC001AA84C /* main.m */ = {isa = PBXFileReference; lastKnownFileType = sourcecode.c.objc; path = main.m; sourceTree = "<group>"; };
		F8B0A8CE19607DEC001AA84C /* CoreLocationPractice-Prefix.pch */ = {isa = PBXFileReference; lastKnownFileType = sourcecode.c.h; path = "CoreLocationPractice-Prefix.pch"; sourceTree = "<group>"; };
		F8B0A8CF19607DEC001AA84C /* VNMAppDelegate.h */ = {isa = PBXFileReference; lastKnownFileType = sourcecode.c.h; path = VNMAppDelegate.h; sourceTree = "<group>"; };
		F8B0A8D019607DEC001AA84C /* VNMAppDelegate.m */ = {isa = PBXFileReference; lastKnownFileType = sourcecode.c.objc; path = VNMAppDelegate.m; sourceTree = "<group>"; };
		F8B0A8D319607DEC001AA84C /* Base */ = {isa = PBXFileReference; lastKnownFileType = file.storyboard; name = Base; path = Base.lproj/Main.storyboard; sourceTree = "<group>"; };
		F8B0A8D519607DEC001AA84C /* VNMViewController.h */ = {isa = PBXFileReference; lastKnownFileType = sourcecode.c.h; path = VNMViewController.h; sourceTree = "<group>"; };
		F8B0A8D619607DEC001AA84C /* VNMViewController.m */ = {isa = PBXFileReference; lastKnownFileType = sourcecode.c.objc; path = VNMViewController.m; sourceTree = "<group>"; };
		F8B0A8D819607DEC001AA84C /* Images.xcassets */ = {isa = PBXFileReference; lastKnownFileType = folder.assetcatalog; path = Images.xcassets; sourceTree = "<group>"; };
		F8B0A8DE19607DEC001AA84C /* CoreLocationPracticeTests.xctest */ = {isa = PBXFileReference; explicitFileType = wrapper.cfbundle; includeInIndex = 0; path = CoreLocationPracticeTests.xctest; sourceTree = BUILT_PRODUCTS_DIR; };
		F8B0A8DF19607DEC001AA84C /* XCTest.framework */ = {isa = PBXFileReference; lastKnownFileType = wrapper.framework; name = XCTest.framework; path = Library/Frameworks/XCTest.framework; sourceTree = DEVELOPER_DIR; };
		F8B0A8E719607DEC001AA84C /* CoreLocationPracticeTests-Info.plist */ = {isa = PBXFileReference; lastKnownFileType = text.plist.xml; path = "CoreLocationPracticeTests-Info.plist"; sourceTree = "<group>"; };
		F8B0A8E919607DEC001AA84C /* en */ = {isa = PBXFileReference; lastKnownFileType = text.plist.strings; name = en; path = en.lproj/InfoPlist.strings; sourceTree = "<group>"; };
		F8B0A8EB19607DEC001AA84C /* CoreLocationPracticeTests.m */ = {isa = PBXFileReference; lastKnownFileType = sourcecode.c.objc; path = CoreLocationPracticeTests.m; sourceTree = "<group>"; };
		F8B0A8F519608162001AA84C /* CoreLocation.framework */ = {isa = PBXFileReference; lastKnownFileType = wrapper.framework; name = CoreLocation.framework; path = System/Library/Frameworks/CoreLocation.framework; sourceTree = SDKROOT; };
/* End PBXFileReference section */

/* Begin PBXFrameworksBuildPhase section */
		F8B0A8BA19607DEC001AA84C /* Frameworks */ = {
			isa = PBXFrameworksBuildPhase;
			buildActionMask = 2147483647;
			files = (
				F8B0A8F619608162001AA84C /* CoreLocation.framework in Frameworks */,
				77241E3B1960EA950067549A /* MapKit.framework in Frameworks */,
				3BCAE1F91960D02E00778A7E /* SystemConfiguration.framework in Frameworks */,
				3BCAE1F71960D02200778A7E /* StoreKit.framework in Frameworks */,
				3BCAE1F51960D01900778A7E /* Security.framework in Frameworks */,
				3BCAE1F31960D00F00778A7E /* QuartzCore.framework in Frameworks */,
				3BCAE1F11960D00000778A7E /* MobileCoreServices.framework in Frameworks */,
				3BCAE1EF1960CFF300778A7E /* libz.dylib in Frameworks */,
				3BCAE1ED1960CFD400778A7E /* CFNetwork.framework in Frameworks */,
				3BCAE1EB1960CFB000778A7E /* AudioToolbox.framework in Frameworks */,
				3BCAE1E91960CF3300778A7E /* Parse.framework in Frameworks */,
				F8B0A8C319607DEC001AA84C /* CoreGraphics.framework in Frameworks */,
				F8B0A8C519607DEC001AA84C /* UIKit.framework in Frameworks */,
				F8B0A8C119607DEC001AA84C /* Foundation.framework in Frameworks */,
			);
			runOnlyForDeploymentPostprocessing = 0;
		};
		F8B0A8DB19607DEC001AA84C /* Frameworks */ = {
			isa = PBXFrameworksBuildPhase;
			buildActionMask = 2147483647;
			files = (
				F8B0A8E019607DEC001AA84C /* XCTest.framework in Frameworks */,
				F8B0A8E219607DEC001AA84C /* UIKit.framework in Frameworks */,
				F8B0A8E119607DEC001AA84C /* Foundation.framework in Frameworks */,
			);
			runOnlyForDeploymentPostprocessing = 0;
		};
/* End PBXFrameworksBuildPhase section */

/* Begin PBXGroup section */
		3BCAE1FA1960D04A00778A7E /* Controllers */ = {
			isa = PBXGroup;
			children = (
				F8B0A8D519607DEC001AA84C /* VNMViewController.h */,
				F8B0A8D619607DEC001AA84C /* VNMViewController.m */,
				77241E341960E1550067549A /* VNMLocationTableViewController.h */,
				77241E351960E1550067549A /* VNMLocationTableViewController.m */,
				77241E371960E8BE0067549A /* VNMMapLocationViewController.h */,
				77241E381960E8BE0067549A /* VNMMapLocationViewController.m */,
			);
			name = Controllers;
			sourceTree = "<group>";
		};
		F8B0A8B419607DEC001AA84C = {
			isa = PBXGroup;
			children = (
				3BCAE1FB1960D56C00778A7E /* Location.h */,
				3BCAE1FC1960D56C00778A7E /* Location.m */,
				F8B0A8C619607DEC001AA84C /* CoreLocationPractice */,
				F8B0A8E519607DEC001AA84C /* CoreLocationPracticeTests */,
				F8B0A8BF19607DEC001AA84C /* Frameworks */,
				F8B0A8BE19607DEC001AA84C /* Products */,
			);
			sourceTree = "<group>";
		};
		F8B0A8BE19607DEC001AA84C /* Products */ = {
			isa = PBXGroup;
			children = (
				F8B0A8BD19607DEC001AA84C /* CoreLocationPractice.app */,
				F8B0A8DE19607DEC001AA84C /* CoreLocationPracticeTests.xctest */,
			);
			name = Products;
			sourceTree = "<group>";
		};
		F8B0A8BF19607DEC001AA84C /* Frameworks */ = {
			isa = PBXGroup;
			children = (
				77241E3A1960EA950067549A /* MapKit.framework */,
				3BCAE1F81960D02E00778A7E /* SystemConfiguration.framework */,
				3BCAE1F61960D02200778A7E /* StoreKit.framework */,
				3BCAE1F41960D01900778A7E /* Security.framework */,
				3BCAE1F21960D00F00778A7E /* QuartzCore.framework */,
				3BCAE1F01960D00000778A7E /* MobileCoreServices.framework */,
				3BCAE1EE1960CFF300778A7E /* libz.dylib */,
				3BCAE1EC1960CFD400778A7E /* CFNetwork.framework */,
				3BCAE1EA1960CFB000778A7E /* AudioToolbox.framework */,
				3BCAE1E81960CF3300778A7E /* Parse.framework */,
				F8B0A8F519608162001AA84C /* CoreLocation.framework */,
				F8B0A8C019607DEC001AA84C /* Foundation.framework */,
				F8B0A8C219607DEC001AA84C /* CoreGraphics.framework */,
				F8B0A8C419607DEC001AA84C /* UIKit.framework */,
				F8B0A8DF19607DEC001AA84C /* XCTest.framework */,
			);
			name = Frameworks;
			sourceTree = "<group>";
		};
		F8B0A8C619607DEC001AA84C /* CoreLocationPractice */ = {
			isa = PBXGroup;
			children = (
				F8B0A8CF19607DEC001AA84C /* VNMAppDelegate.h */,
				F8B0A8D019607DEC001AA84C /* VNMAppDelegate.m */,
				F8B0A8D219607DEC001AA84C /* Main.storyboard */,
				3BCAE1FA1960D04A00778A7E /* Controllers */,
				F8B0A8D819607DEC001AA84C /* Images.xcassets */,
				F8B0A8C719607DEC001AA84C /* Supporting Files */,
			);
			path = CoreLocationPractice;
			sourceTree = "<group>";
		};
		F8B0A8C719607DEC001AA84C /* Supporting Files */ = {
			isa = PBXGroup;
			children = (
				F8B0A8C819607DEC001AA84C /* CoreLocationPractice-Info.plist */,
				F8B0A8C919607DEC001AA84C /* InfoPlist.strings */,
				F8B0A8CC19607DEC001AA84C /* main.m */,
				F8B0A8CE19607DEC001AA84C /* CoreLocationPractice-Prefix.pch */,
			);
			name = "Supporting Files";
			sourceTree = "<group>";
		};
		F8B0A8E519607DEC001AA84C /* CoreLocationPracticeTests */ = {
			isa = PBXGroup;
			children = (
				F8B0A8EB19607DEC001AA84C /* CoreLocationPracticeTests.m */,
				F8B0A8E619607DEC001AA84C /* Supporting Files */,
			);
			path = CoreLocationPracticeTests;
			sourceTree = "<group>";
		};
		F8B0A8E619607DEC001AA84C /* Supporting Files */ = {
			isa = PBXGroup;
			children = (
				F8B0A8E719607DEC001AA84C /* CoreLocationPracticeTests-Info.plist */,
				F8B0A8E819607DEC001AA84C /* InfoPlist.strings */,
			);
			name = "Supporting Files";
			sourceTree = "<group>";
		};
/* End PBXGroup section */

/* Begin PBXNativeTarget section */
		F8B0A8BC19607DEC001AA84C /* CoreLocationPractice */ = {
			isa = PBXNativeTarget;
			buildConfigurationList = F8B0A8EF19607DEC001AA84C /* Build configuration list for PBXNativeTarget "CoreLocationPractice" */;
			buildPhases = (
				F8B0A8B919607DEC001AA84C /* Sources */,
				F8B0A8BA19607DEC001AA84C /* Frameworks */,
				F8B0A8BB19607DEC001AA84C /* Resources */,
			);
			buildRules = (
			);
			dependencies = (
			);
			name = CoreLocationPractice;
			productName = CoreLocationPractice;
			productReference = F8B0A8BD19607DEC001AA84C /* CoreLocationPractice.app */;
			productType = "com.apple.product-type.application";
		};
		F8B0A8DD19607DEC001AA84C /* CoreLocationPracticeTests */ = {
			isa = PBXNativeTarget;
			buildConfigurationList = F8B0A8F219607DEC001AA84C /* Build configuration list for PBXNativeTarget "CoreLocationPracticeTests" */;
			buildPhases = (
				F8B0A8DA19607DEC001AA84C /* Sources */,
				F8B0A8DB19607DEC001AA84C /* Frameworks */,
				F8B0A8DC19607DEC001AA84C /* Resources */,
			);
			buildRules = (
			);
			dependencies = (
				F8B0A8E419607DEC001AA84C /* PBXTargetDependency */,
			);
			name = CoreLocationPracticeTests;
			productName = CoreLocationPracticeTests;
			productReference = F8B0A8DE19607DEC001AA84C /* CoreLocationPracticeTests.xctest */;
			productType = "com.apple.product-type.bundle.unit-test";
		};
/* End PBXNativeTarget section */

/* Begin PBXProject section */
		F8B0A8B519607DEC001AA84C /* Project object */ = {
			isa = PBXProject;
			attributes = {
				CLASSPREFIX = VNM;
				LastUpgradeCheck = 0510;
				ORGANIZATIONNAME = "Marcus Smith";
				TargetAttributes = {
					F8B0A8DD19607DEC001AA84C = {
						TestTargetID = F8B0A8BC19607DEC001AA84C;
					};
				};
			};
			buildConfigurationList = F8B0A8B819607DEC001AA84C /* Build configuration list for PBXProject "CoreLocationPractice" */;
			compatibilityVersion = "Xcode 3.2";
			developmentRegion = English;
			hasScannedForEncodings = 0;
			knownRegions = (
				en,
				Base,
			);
			mainGroup = F8B0A8B419607DEC001AA84C;
			productRefGroup = F8B0A8BE19607DEC001AA84C /* Products */;
			projectDirPath = "";
			projectRoot = "";
			targets = (
				F8B0A8BC19607DEC001AA84C /* CoreLocationPractice */,
				F8B0A8DD19607DEC001AA84C /* CoreLocationPracticeTests */,
			);
		};
/* End PBXProject section */

/* Begin PBXResourcesBuildPhase section */
		F8B0A8BB19607DEC001AA84C /* Resources */ = {
			isa = PBXResourcesBuildPhase;
			buildActionMask = 2147483647;
			files = (
				F8B0A8D919607DEC001AA84C /* Images.xcassets in Resources */,
				F8B0A8CB19607DEC001AA84C /* InfoPlist.strings in Resources */,
				F8B0A8D419607DEC001AA84C /* Main.storyboard in Resources */,
			);
			runOnlyForDeploymentPostprocessing = 0;
		};
		F8B0A8DC19607DEC001AA84C /* Resources */ = {
			isa = PBXResourcesBuildPhase;
			buildActionMask = 2147483647;
			files = (
				F8B0A8EA19607DEC001AA84C /* InfoPlist.strings in Resources */,
			);
			runOnlyForDeploymentPostprocessing = 0;
		};
/* End PBXResourcesBuildPhase section */

/* Begin PBXSourcesBuildPhase section */
		F8B0A8B919607DEC001AA84C /* Sources */ = {
			isa = PBXSourcesBuildPhase;
			buildActionMask = 2147483647;
			files = (
				F8B0A8D119607DEC001AA84C /* VNMAppDelegate.m in Sources */,
				F8B0A8CD19607DEC001AA84C /* main.m in Sources */,
				77241E391960E8BE0067549A /* VNMMapLocationViewController.m in Sources */,
				3BCAE1FD1960D56C00778A7E /* Location.m in Sources */,
				77241E361960E1550067549A /* VNMLocationTableViewController.m in Sources */,
				F8B0A8D719607DEC001AA84C /* VNMViewController.m in Sources */,
			);
			runOnlyForDeploymentPostprocessing = 0;
		};
		F8B0A8DA19607DEC001AA84C /* Sources */ = {
			isa = PBXSourcesBuildPhase;
			buildActionMask = 2147483647;
			files = (
				F8B0A8EC19607DEC001AA84C /* CoreLocationPracticeTests.m in Sources */,
			);
			runOnlyForDeploymentPostprocessing = 0;
		};
/* End PBXSourcesBuildPhase section */

/* Begin PBXTargetDependency section */
		F8B0A8E419607DEC001AA84C /* PBXTargetDependency */ = {
			isa = PBXTargetDependency;
			target = F8B0A8BC19607DEC001AA84C /* CoreLocationPractice */;
			targetProxy = F8B0A8E319607DEC001AA84C /* PBXContainerItemProxy */;
		};
/* End PBXTargetDependency section */

/* Begin PBXVariantGroup section */
		F8B0A8C919607DEC001AA84C /* InfoPlist.strings */ = {
			isa = PBXVariantGroup;
			children = (
				F8B0A8CA19607DEC001AA84C /* en */,
			);
			name = InfoPlist.strings;
			sourceTree = "<group>";
		};
		F8B0A8D219607DEC001AA84C /* Main.storyboard */ = {
			isa = PBXVariantGroup;
			children = (
				F8B0A8D319607DEC001AA84C /* Base */,
			);
			name = Main.storyboard;
			sourceTree = "<group>";
		};
		F8B0A8E819607DEC001AA84C /* InfoPlist.strings */ = {
			isa = PBXVariantGroup;
			children = (
				F8B0A8E919607DEC001AA84C /* en */,
			);
			name = InfoPlist.strings;
			sourceTree = "<group>";
		};
/* End PBXVariantGroup section */

/* Begin XCBuildConfiguration section */
		F8B0A8ED19607DEC001AA84C /* Debug */ = {
			isa = XCBuildConfiguration;
			buildSettings = {
				ALWAYS_SEARCH_USER_PATHS = NO;
				CLANG_CXX_LANGUAGE_STANDARD = "gnu++0x";
				CLANG_CXX_LIBRARY = "libc++";
				CLANG_ENABLE_MODULES = YES;
				CLANG_ENABLE_OBJC_ARC = YES;
				CLANG_WARN_BOOL_CONVERSION = YES;
				CLANG_WARN_CONSTANT_CONVERSION = YES;
				CLANG_WARN_DIRECT_OBJC_ISA_USAGE = YES_ERROR;
				CLANG_WARN_EMPTY_BODY = YES;
				CLANG_WARN_ENUM_CONVERSION = YES;
				CLANG_WARN_INT_CONVERSION = YES;
				CLANG_WARN_OBJC_ROOT_CLASS = YES_ERROR;
				CLANG_WARN__DUPLICATE_METHOD_MATCH = YES;
				"CODE_SIGN_IDENTITY[sdk=iphoneos*]" = "iPhone Developer";
				COPY_PHASE_STRIP = NO;
				GCC_C_LANGUAGE_STANDARD = gnu99;
				GCC_DYNAMIC_NO_PIC = NO;
				GCC_OPTIMIZATION_LEVEL = 0;
				GCC_PREPROCESSOR_DEFINITIONS = (
					"DEBUG=1",
					"$(inherited)",
				);
				GCC_SYMBOLS_PRIVATE_EXTERN = NO;
				GCC_WARN_64_TO_32_BIT_CONVERSION = YES;
				GCC_WARN_ABOUT_RETURN_TYPE = YES_ERROR;
				GCC_WARN_UNDECLARED_SELECTOR = YES;
				GCC_WARN_UNINITIALIZED_AUTOS = YES_AGGRESSIVE;
				GCC_WARN_UNUSED_FUNCTION = YES;
				GCC_WARN_UNUSED_VARIABLE = YES;
				IPHONEOS_DEPLOYMENT_TARGET = 7.1;
				ONLY_ACTIVE_ARCH = YES;
				SDKROOT = iphoneos;
			};
			name = Debug;
		};
		F8B0A8EE19607DEC001AA84C /* Release */ = {
			isa = XCBuildConfiguration;
			buildSettings = {
				ALWAYS_SEARCH_USER_PATHS = NO;
				CLANG_CXX_LANGUAGE_STANDARD = "gnu++0x";
				CLANG_CXX_LIBRARY = "libc++";
				CLANG_ENABLE_MODULES = YES;
				CLANG_ENABLE_OBJC_ARC = YES;
				CLANG_WARN_BOOL_CONVERSION = YES;
				CLANG_WARN_CONSTANT_CONVERSION = YES;
				CLANG_WARN_DIRECT_OBJC_ISA_USAGE = YES_ERROR;
				CLANG_WARN_EMPTY_BODY = YES;
				CLANG_WARN_ENUM_CONVERSION = YES;
				CLANG_WARN_INT_CONVERSION = YES;
				CLANG_WARN_OBJC_ROOT_CLASS = YES_ERROR;
				CLANG_WARN__DUPLICATE_METHOD_MATCH = YES;
				"CODE_SIGN_IDENTITY[sdk=iphoneos*]" = "iPhone Developer";
				COPY_PHASE_STRIP = YES;
				ENABLE_NS_ASSERTIONS = NO;
				GCC_C_LANGUAGE_STANDARD = gnu99;
				GCC_WARN_64_TO_32_BIT_CONVERSION = YES;
				GCC_WARN_ABOUT_RETURN_TYPE = YES_ERROR;
				GCC_WARN_UNDECLARED_SELECTOR = YES;
				GCC_WARN_UNINITIALIZED_AUTOS = YES_AGGRESSIVE;
				GCC_WARN_UNUSED_FUNCTION = YES;
				GCC_WARN_UNUSED_VARIABLE = YES;
				IPHONEOS_DEPLOYMENT_TARGET = 7.1;
				SDKROOT = iphoneos;
				VALIDATE_PRODUCT = YES;
			};
			name = Release;
		};
		F8B0A8F019607DEC001AA84C /* Debug */ = {
			isa = XCBuildConfiguration;
			buildSettings = {
				ASSETCATALOG_COMPILER_APPICON_NAME = AppIcon;
				ASSETCATALOG_COMPILER_LAUNCHIMAGE_NAME = LaunchImage;
				FRAMEWORK_SEARCH_PATHS = (
					"$(inherited)",
					"$(PROJECT_DIR)",
				);
				GCC_PRECOMPILE_PREFIX_HEADER = YES;
				GCC_PREFIX_HEADER = "CoreLocationPractice/CoreLocationPractice-Prefix.pch";
				INFOPLIST_FILE = "CoreLocationPractice/CoreLocationPractice-Info.plist";
				PRODUCT_NAME = "$(TARGET_NAME)";
				WRAPPER_EXTENSION = app;
			};
			name = Debug;
		};
		F8B0A8F119607DEC001AA84C /* Release */ = {
			isa = XCBuildConfiguration;
			buildSettings = {
				ASSETCATALOG_COMPILER_APPICON_NAME = AppIcon;
				ASSETCATALOG_COMPILER_LAUNCHIMAGE_NAME = LaunchImage;
				FRAMEWORK_SEARCH_PATHS = (
					"$(inherited)",
					"$(PROJECT_DIR)",
				);
				GCC_PRECOMPILE_PREFIX_HEADER = YES;
				GCC_PREFIX_HEADER = "CoreLocationPractice/CoreLocationPractice-Prefix.pch";
				INFOPLIST_FILE = "CoreLocationPractice/CoreLocationPractice-Info.plist";
				PRODUCT_NAME = "$(TARGET_NAME)";
				WRAPPER_EXTENSION = app;
			};
			name = Release;
		};
		F8B0A8F319607DEC001AA84C /* Debug */ = {
			isa = XCBuildConfiguration;
			buildSettings = {
				BUNDLE_LOADER = "$(BUILT_PRODUCTS_DIR)/CoreLocationPractice.app/CoreLocationPractice";
				FRAMEWORK_SEARCH_PATHS = (
					"$(SDKROOT)/Developer/Library/Frameworks",
					"$(inherited)",
					"$(DEVELOPER_FRAMEWORKS_DIR)",
				);
				GCC_PRECOMPILE_PREFIX_HEADER = YES;
				GCC_PREFIX_HEADER = "CoreLocationPractice/CoreLocationPractice-Prefix.pch";
				GCC_PREPROCESSOR_DEFINITIONS = (
					"DEBUG=1",
					"$(inherited)",
				);
				INFOPLIST_FILE = "CoreLocationPracticeTests/CoreLocationPracticeTests-Info.plist";
				PRODUCT_NAME = "$(TARGET_NAME)";
				TEST_HOST = "$(BUNDLE_LOADER)";
				WRAPPER_EXTENSION = xctest;
			};
			name = Debug;
		};
		F8B0A8F419607DEC001AA84C /* Release */ = {
			isa = XCBuildConfiguration;
			buildSettings = {
				BUNDLE_LOADER = "$(BUILT_PRODUCTS_DIR)/CoreLocationPractice.app/CoreLocationPractice";
				FRAMEWORK_SEARCH_PATHS = (
					"$(SDKROOT)/Developer/Library/Frameworks",
					"$(inherited)",
					"$(DEVELOPER_FRAMEWORKS_DIR)",
				);
				GCC_PRECOMPILE_PREFIX_HEADER = YES;
				GCC_PREFIX_HEADER = "CoreLocationPractice/CoreLocationPractice-Prefix.pch";
				INFOPLIST_FILE = "CoreLocationPracticeTests/CoreLocationPracticeTests-Info.plist";
				PRODUCT_NAME = "$(TARGET_NAME)";
				TEST_HOST = "$(BUNDLE_LOADER)";
				WRAPPER_EXTENSION = xctest;
			};
			name = Release;
		};
/* End XCBuildConfiguration section */

/* Begin XCConfigurationList section */
		F8B0A8B819607DEC001AA84C /* Build configuration list for PBXProject "CoreLocationPractice" */ = {
			isa = XCConfigurationList;
			buildConfigurations = (
				F8B0A8ED19607DEC001AA84C /* Debug */,
				F8B0A8EE19607DEC001AA84C /* Release */,
			);
			defaultConfigurationIsVisible = 0;
			defaultConfigurationName = Release;
		};
		F8B0A8EF19607DEC001AA84C /* Build configuration list for PBXNativeTarget "CoreLocationPractice" */ = {
			isa = XCConfigurationList;
			buildConfigurations = (
				F8B0A8F019607DEC001AA84C /* Debug */,
				F8B0A8F119607DEC001AA84C /* Release */,
			);
			defaultConfigurationIsVisible = 0;
			defaultConfigurationName = Release;
		};
		F8B0A8F219607DEC001AA84C /* Build configuration list for PBXNativeTarget "CoreLocationPracticeTests" */ = {
			isa = XCConfigurationList;
			buildConfigurations = (
				F8B0A8F319607DEC001AA84C /* Debug */,
				F8B0A8F419607DEC001AA84C /* Release */,
			);
			defaultConfigurationIsVisible = 0;
			defaultConfigurationName = Release;
		};
/* End XCConfigurationList section */
	};
	rootObject = F8B0A8B519607DEC001AA84C /* Project object */;
}
